// !$*UTF8*$!
{
	archiveVersion = 1;
	classes = {
	};
	objectVersion = 46;
	objects = {

/* Begin PBXBuildFile section */
		004064AD1ADD533800EF13BF /* background.png in Resources */ = {isa = PBXBuildFile; fileRef = 004064A71ADD533800EF13BF /* background.png */; };
		004064B11ADD533800EF13BF /* octopus.png in Resources */ = {isa = PBXBuildFile; fileRef = 004064AB1ADD533800EF13BF /* octopus.png */; };
		004064B41ADD5C7600EF13BF /* title.png in Resources */ = {isa = PBXBuildFile; fileRef = 004064B31ADD5C7600EF13BF /* title.png */; };
		004064B81ADD67DF00EF13BF /* meteor_fast.png in Resources */ = {isa = PBXBuildFile; fileRef = 004064B51ADD67DF00EF13BF /* meteor_fast.png */; };
		004064B91ADD67DF00EF13BF /* meteor_normal.png in Resources */ = {isa = PBXBuildFile; fileRef = 004064B61ADD67DF00EF13BF /* meteor_normal.png */; };
		004064BA1ADD67DF00EF13BF /* meteor_slow.png in Resources */ = {isa = PBXBuildFile; fileRef = 004064B71ADD67DF00EF13BF /* meteor_slow.png */; };
		005B523C1AD6C7E600E2F1C7 /* AppDelegate.swift in Sources */ = {isa = PBXBuildFile; fileRef = 005B523B1AD6C7E600E2F1C7 /* AppDelegate.swift */; };
		005B52401AD6C7E700E2F1C7 /* GameViewController.swift in Sources */ = {isa = PBXBuildFile; fileRef = 005B523F1AD6C7E700E2F1C7 /* GameViewController.swift */; };
		005B52431AD6C7E700E2F1C7 /* Main.storyboard in Resources */ = {isa = PBXBuildFile; fileRef = 005B52411AD6C7E700E2F1C7 /* Main.storyboard */; };
		005B52451AD6C7E700E2F1C7 /* Images.xcassets in Resources */ = {isa = PBXBuildFile; fileRef = 005B52441AD6C7E700E2F1C7 /* Images.xcassets */; };
		005B52481AD6C7E700E2F1C7 /* LaunchScreen.xib in Resources */ = {isa = PBXBuildFile; fileRef = 005B52461AD6C7E700E2F1C7 /* LaunchScreen.xib */; };
		005B52541AD6C7E700E2F1C7 /* GalaxyOctopusTests.swift in Sources */ = {isa = PBXBuildFile; fileRef = 005B52531AD6C7E700E2F1C7 /* GalaxyOctopusTests.swift */; };
		006165EB1ADA07A6009A10E3 /* TitleScene.swift in Sources */ = {isa = PBXBuildFile; fileRef = 006165EA1ADA07A6009A10E3 /* TitleScene.swift */; };
		006165ED1ADA0C62009A10E3 /* TitleScene.sks in Resources */ = {isa = PBXBuildFile; fileRef = 006165EC1ADA0C62009A10E3 /* TitleScene.sks */; };
		006165EF1ADA0CCE009A10E3 /* GameScene.swift in Sources */ = {isa = PBXBuildFile; fileRef = 006165EE1ADA0CCE009A10E3 /* GameScene.swift */; };
		006165F11ADA0CF7009A10E3 /* OctopusNode.swift in Sources */ = {isa = PBXBuildFile; fileRef = 006165F01ADA0CF7009A10E3 /* OctopusNode.swift */; };
		006165F31ADA0D25009A10E3 /* MeteorNode.swift in Sources */ = {isa = PBXBuildFile; fileRef = 006165F21ADA0D25009A10E3 /* MeteorNode.swift */; };
		006165F51ADA0DA1009A10E3 /* ResultScene.swift in Sources */ = {isa = PBXBuildFile; fileRef = 006165F41ADA0DA1009A10E3 /* ResultScene.swift */; };
		00D976801AE13E800086FEB1 /* fish.png in Resources */ = {isa = PBXBuildFile; fileRef = 00D9767F1AE13E800086FEB1 /* fish.png */; };
		00D976821AE13F650086FEB1 /* PointNode.swift in Sources */ = {isa = PBXBuildFile; fileRef = 00D976811AE13F650086FEB1 /* PointNode.swift */; };
		00D976841AE155430086FEB1 /* app_icon.png in Resources */ = {isa = PBXBuildFile; fileRef = 00D976831AE155430086FEB1 /* app_icon.png */; };
		00D976871AE158F20086FEB1 /* fb_btn.png in Resources */ = {isa = PBXBuildFile; fileRef = 00D976851AE158F20086FEB1 /* fb_btn.png */; };
		00D976881AE158F20086FEB1 /* tweet_btn.png in Resources */ = {isa = PBXBuildFile; fileRef = 00D976861AE158F20086FEB1 /* tweet_btn.png */; };
		00D9768D1AE15A1D0086FEB1 /* TweetBtn.swift in Sources */ = {isa = PBXBuildFile; fileRef = 00D9768C1AE15A1D0086FEB1 /* TweetBtn.swift */; };
		00D9768F1AE15A280086FEB1 /* FBBtn.swift in Sources */ = {isa = PBXBuildFile; fileRef = 00D9768E1AE15A280086FEB1 /* FBBtn.swift */; };
/* End PBXBuildFile section */

/* Begin PBXContainerItemProxy section */
		005B524E1AD6C7E700E2F1C7 /* PBXContainerItemProxy */ = {
			isa = PBXContainerItemProxy;
			containerPortal = 005B522E1AD6C7E600E2F1C7 /* Project object */;
			proxyType = 1;
			remoteGlobalIDString = 005B52351AD6C7E600E2F1C7;
			remoteInfo = GalaxyOctopus;
		};
/* End PBXContainerItemProxy section */

/* Begin PBXFileReference section */
		004064A71ADD533800EF13BF /* background.png */ = {isa = PBXFileReference; lastKnownFileType = image.png; path = background.png; sourceTree = "<group>"; };
		004064AB1ADD533800EF13BF /* octopus.png */ = {isa = PBXFileReference; lastKnownFileType = image.png; path = octopus.png; sourceTree = "<group>"; };
		004064B31ADD5C7600EF13BF /* title.png */ = {isa = PBXFileReference; lastKnownFileType = image.png; path = title.png; sourceTree = "<group>"; };
		004064B51ADD67DF00EF13BF /* meteor_fast.png */ = {isa = PBXFileReference; lastKnownFileType = image.png; path = meteor_fast.png; sourceTree = "<group>"; };
		004064B61ADD67DF00EF13BF /* meteor_normal.png */ = {isa = PBXFileReference; lastKnownFileType = image.png; path = meteor_normal.png; sourceTree = "<group>"; };
		004064B71ADD67DF00EF13BF /* meteor_slow.png */ = {isa = PBXFileReference; lastKnownFileType = image.png; path = meteor_slow.png; sourceTree = "<group>"; };
		005B52361AD6C7E600E2F1C7 /* GalaxyOctopus.app */ = {isa = PBXFileReference; explicitFileType = wrapper.application; includeInIndex = 0; path = GalaxyOctopus.app; sourceTree = BUILT_PRODUCTS_DIR; };
		005B523A1AD6C7E600E2F1C7 /* Info.plist */ = {isa = PBXFileReference; lastKnownFileType = text.plist.xml; path = Info.plist; sourceTree = "<group>"; };
		005B523B1AD6C7E600E2F1C7 /* AppDelegate.swift */ = {isa = PBXFileReference; lastKnownFileType = sourcecode.swift; path = AppDelegate.swift; sourceTree = "<group>"; };
		005B523F1AD6C7E700E2F1C7 /* GameViewController.swift */ = {isa = PBXFileReference; lastKnownFileType = sourcecode.swift; path = GameViewController.swift; sourceTree = "<group>"; };
		005B52421AD6C7E700E2F1C7 /* Base */ = {isa = PBXFileReference; lastKnownFileType = file.storyboard; name = Base; path = Base.lproj/Main.storyboard; sourceTree = "<group>"; };
		005B52441AD6C7E700E2F1C7 /* Images.xcassets */ = {isa = PBXFileReference; lastKnownFileType = folder.assetcatalog; path = Images.xcassets; sourceTree = "<group>"; };
		005B52471AD6C7E700E2F1C7 /* Base */ = {isa = PBXFileReference; lastKnownFileType = file.xib; name = Base; path = Base.lproj/LaunchScreen.xib; sourceTree = "<group>"; };
		005B524D1AD6C7E700E2F1C7 /* GalaxyOctopusTests.xctest */ = {isa = PBXFileReference; explicitFileType = wrapper.cfbundle; includeInIndex = 0; path = GalaxyOctopusTests.xctest; sourceTree = BUILT_PRODUCTS_DIR; };
		005B52521AD6C7E700E2F1C7 /* Info.plist */ = {isa = PBXFileReference; lastKnownFileType = text.plist.xml; path = Info.plist; sourceTree = "<group>"; };
		005B52531AD6C7E700E2F1C7 /* GalaxyOctopusTests.swift */ = {isa = PBXFileReference; lastKnownFileType = sourcecode.swift; path = GalaxyOctopusTests.swift; sourceTree = "<group>"; };
		006165EA1ADA07A6009A10E3 /* TitleScene.swift */ = {isa = PBXFileReference; fileEncoding = 4; lastKnownFileType = sourcecode.swift; path = TitleScene.swift; sourceTree = "<group>"; };
		006165EC1ADA0C62009A10E3 /* TitleScene.sks */ = {isa = PBXFileReference; lastKnownFileType = file.sks; path = TitleScene.sks; sourceTree = "<group>"; };
		006165EE1ADA0CCE009A10E3 /* GameScene.swift */ = {isa = PBXFileReference; fileEncoding = 4; lastKnownFileType = sourcecode.swift; path = GameScene.swift; sourceTree = "<group>"; };
		006165F01ADA0CF7009A10E3 /* OctopusNode.swift */ = {isa = PBXFileReference; fileEncoding = 4; lastKnownFileType = sourcecode.swift; path = OctopusNode.swift; sourceTree = "<group>"; };
		006165F21ADA0D25009A10E3 /* MeteorNode.swift */ = {isa = PBXFileReference; fileEncoding = 4; lastKnownFileType = sourcecode.swift; path = MeteorNode.swift; sourceTree = "<group>"; };
		006165F41ADA0DA1009A10E3 /* ResultScene.swift */ = {isa = PBXFileReference; fileEncoding = 4; lastKnownFileType = sourcecode.swift; path = ResultScene.swift; sourceTree = "<group>"; };
		00D9767F1AE13E800086FEB1 /* fish.png */ = {isa = PBXFileReference; lastKnownFileType = image.png; path = fish.png; sourceTree = "<group>"; };
		00D976811AE13F650086FEB1 /* PointNode.swift */ = {isa = PBXFileReference; fileEncoding = 4; lastKnownFileType = sourcecode.swift; path = PointNode.swift; sourceTree = "<group>"; };
		00D976831AE155430086FEB1 /* app_icon.png */ = {isa = PBXFileReference; lastKnownFileType = image.png; path = app_icon.png; sourceTree = "<group>"; };
		00D976851AE158F20086FEB1 /* fb_btn.png */ = {isa = PBXFileReference; lastKnownFileType = image.png; path = fb_btn.png; sourceTree = "<group>"; };
		00D976861AE158F20086FEB1 /* tweet_btn.png */ = {isa = PBXFileReference; lastKnownFileType = image.png; path = tweet_btn.png; sourceTree = "<group>"; };
		00D9768C1AE15A1D0086FEB1 /* TweetBtn.swift */ = {isa = PBXFileReference; fileEncoding = 4; lastKnownFileType = sourcecode.swift; path = TweetBtn.swift; sourceTree = "<group>"; };
		00D9768E1AE15A280086FEB1 /* FBBtn.swift */ = {isa = PBXFileReference; fileEncoding = 4; lastKnownFileType = sourcecode.swift; path = FBBtn.swift; sourceTree = "<group>"; };
/* End PBXFileReference section */

/* Begin PBXFrameworksBuildPhase section */
		005B52331AD6C7E600E2F1C7 /* Frameworks */ = {
			isa = PBXFrameworksBuildPhase;
			buildActionMask = 2147483647;
			files = (
			);
			runOnlyForDeploymentPostprocessing = 0;
		};
		005B524A1AD6C7E700E2F1C7 /* Frameworks */ = {
			isa = PBXFrameworksBuildPhase;
			buildActionMask = 2147483647;
			files = (
			);
			runOnlyForDeploymentPostprocessing = 0;
		};
/* End PBXFrameworksBuildPhase section */

/* Begin PBXGroup section */
		005B522D1AD6C7E600E2F1C7 = {
			isa = PBXGroup;
			children = (
				005B52381AD6C7E600E2F1C7 /* GalaxyOctopus */,
				005B52501AD6C7E700E2F1C7 /* GalaxyOctopusTests */,
				005B52371AD6C7E600E2F1C7 /* Products */,
			);
			sourceTree = "<group>";
		};
		005B52371AD6C7E600E2F1C7 /* Products */ = {
			isa = PBXGroup;
			children = (
				005B52361AD6C7E600E2F1C7 /* GalaxyOctopus.app */,
				005B524D1AD6C7E700E2F1C7 /* GalaxyOctopusTests.xctest */,
			);
			name = Products;
			sourceTree = "<group>";
		};
		005B52381AD6C7E600E2F1C7 /* GalaxyOctopus */ = {
			isa = PBXGroup;
			children = (
				00D9768B1AE15A0D0086FEB1 /* Social */,
				006165E81ADA0781009A10E3 /* Node */,
				006165E91ADA0781009A10E3 /* Scene */,
				005B523B1AD6C7E600E2F1C7 /* AppDelegate.swift */,
				005B523F1AD6C7E700E2F1C7 /* GameViewController.swift */,
				005B52411AD6C7E700E2F1C7 /* Main.storyboard */,
				005B52441AD6C7E700E2F1C7 /* Images.xcassets */,
				005B52461AD6C7E700E2F1C7 /* LaunchScreen.xib */,
				005B52391AD6C7E600E2F1C7 /* Supporting Files */,
				006165EC1ADA0C62009A10E3 /* TitleScene.sks */,
			);
			path = GalaxyOctopus;
			sourceTree = "<group>";
		};
		005B52391AD6C7E600E2F1C7 /* Supporting Files */ = {
			isa = PBXGroup;
			children = (
				006165F61ADA14E8009A10E3 /* image */,
				005B523A1AD6C7E600E2F1C7 /* Info.plist */,
			);
			name = "Supporting Files";
			sourceTree = "<group>";
		};
		005B52501AD6C7E700E2F1C7 /* GalaxyOctopusTests */ = {
			isa = PBXGroup;
			children = (
				005B52531AD6C7E700E2F1C7 /* GalaxyOctopusTests.swift */,
				005B52511AD6C7E700E2F1C7 /* Supporting Files */,
			);
			path = GalaxyOctopusTests;
			sourceTree = "<group>";
		};
		005B52511AD6C7E700E2F1C7 /* Supporting Files */ = {
			isa = PBXGroup;
			children = (
				005B52521AD6C7E700E2F1C7 /* Info.plist */,
			);
			name = "Supporting Files";
			sourceTree = "<group>";
		};
		006165E81ADA0781009A10E3 /* Node */ = {
			isa = PBXGroup;
			children = (
				006165F01ADA0CF7009A10E3 /* OctopusNode.swift */,
				006165F21ADA0D25009A10E3 /* MeteorNode.swift */,
				00D976811AE13F650086FEB1 /* PointNode.swift */,
			);
			path = Node;
			sourceTree = "<group>";
		};
		006165E91ADA0781009A10E3 /* Scene */ = {
			isa = PBXGroup;
			children = (
				006165EA1ADA07A6009A10E3 /* TitleScene.swift */,
				006165EE1ADA0CCE009A10E3 /* GameScene.swift */,
				006165F41ADA0DA1009A10E3 /* ResultScene.swift */,
			);
			path = Scene;
			sourceTree = "<group>";
		};
		006165F61ADA14E8009A10E3 /* image */ = {
			isa = PBXGroup;
			children = (
				00D976851AE158F20086FEB1 /* fb_btn.png */,
				00D976861AE158F20086FEB1 /* tweet_btn.png */,
				00D976831AE155430086FEB1 /* app_icon.png */,
				00D9767F1AE13E800086FEB1 /* fish.png */,
				004064B31ADD5C7600EF13BF /* title.png */,
				004064B51ADD67DF00EF13BF /* meteor_fast.png */,
				004064B61ADD67DF00EF13BF /* meteor_normal.png */,
				004064B71ADD67DF00EF13BF /* meteor_slow.png */,
				004064A71ADD533800EF13BF /* background.png */,
				004064AB1ADD533800EF13BF /* octopus.png */,
			);
			path = image;
			sourceTree = "<group>";
		};
		00D9768B1AE15A0D0086FEB1 /* Social */ = {
			isa = PBXGroup;
			children = (
				00D9768C1AE15A1D0086FEB1 /* TweetBtn.swift */,
				00D9768E1AE15A280086FEB1 /* FBBtn.swift */,
			);
			name = Social;
			sourceTree = "<group>";
		};
/* End PBXGroup section */

/* Begin PBXNativeTarget section */
		005B52351AD6C7E600E2F1C7 /* GalaxyOctopus */ = {
			isa = PBXNativeTarget;
			buildConfigurationList = 005B52571AD6C7E700E2F1C7 /* Build configuration list for PBXNativeTarget "GalaxyOctopus" */;
			buildPhases = (
				005B52321AD6C7E600E2F1C7 /* Sources */,
				005B52331AD6C7E600E2F1C7 /* Frameworks */,
				005B52341AD6C7E600E2F1C7 /* Resources */,
			);
			buildRules = (
			);
			dependencies = (
			);
			name = GalaxyOctopus;
			productName = GalaxyOctopus;
			productReference = 005B52361AD6C7E600E2F1C7 /* GalaxyOctopus.app */;
			productType = "com.apple.product-type.application";
		};
		005B524C1AD6C7E700E2F1C7 /* GalaxyOctopusTests */ = {
			isa = PBXNativeTarget;
			buildConfigurationList = 005B525A1AD6C7E700E2F1C7 /* Build configuration list for PBXNativeTarget "GalaxyOctopusTests" */;
			buildPhases = (
				005B52491AD6C7E700E2F1C7 /* Sources */,
				005B524A1AD6C7E700E2F1C7 /* Frameworks */,
				005B524B1AD6C7E700E2F1C7 /* Resources */,
			);
			buildRules = (
			);
			dependencies = (
				005B524F1AD6C7E700E2F1C7 /* PBXTargetDependency */,
			);
			name = GalaxyOctopusTests;
			productName = GalaxyOctopusTests;
			productReference = 005B524D1AD6C7E700E2F1C7 /* GalaxyOctopusTests.xctest */;
			productType = "com.apple.product-type.bundle.unit-test";
		};
/* End PBXNativeTarget section */

/* Begin PBXProject section */
		005B522E1AD6C7E600E2F1C7 /* Project object */ = {
			isa = PBXProject;
			attributes = {
				LastUpgradeCheck = 0620;
				ORGANIZATIONNAME = "Takuya Tejima";
				TargetAttributes = {
					005B52351AD6C7E600E2F1C7 = {
						CreatedOnToolsVersion = 6.2;
						DevelopmentTeam = 7V3TDDW48R;
					};
					005B524C1AD6C7E700E2F1C7 = {
						CreatedOnToolsVersion = 6.2;
						TestTargetID = 005B52351AD6C7E600E2F1C7;
					};
				};
			};
			buildConfigurationList = 005B52311AD6C7E600E2F1C7 /* Build configuration list for PBXProject "GalaxyOctopus" */;
			compatibilityVersion = "Xcode 3.2";
			developmentRegion = English;
			hasScannedForEncodings = 0;
			knownRegions = (
				en,
				Base,
			);
			mainGroup = 005B522D1AD6C7E600E2F1C7;
			productRefGroup = 005B52371AD6C7E600E2F1C7 /* Products */;
			projectDirPath = "";
			projectRoot = "";
			targets = (
				005B52351AD6C7E600E2F1C7 /* GalaxyOctopus */,
				005B524C1AD6C7E700E2F1C7 /* GalaxyOctopusTests */,
			);
		};
/* End PBXProject section */

/* Begin PBXResourcesBuildPhase section */
		005B52341AD6C7E600E2F1C7 /* Resources */ = {
			isa = PBXResourcesBuildPhase;
			buildActionMask = 2147483647;
			files = (
				00D976871AE158F20086FEB1 /* fb_btn.png in Resources */,
				00D976841AE155430086FEB1 /* app_icon.png in Resources */,
				004064B11ADD533800EF13BF /* octopus.png in Resources */,
				005B52481AD6C7E700E2F1C7 /* LaunchScreen.xib in Resources */,
				004064BA1ADD67DF00EF13BF /* meteor_slow.png in Resources */,
				004064B41ADD5C7600EF13BF /* title.png in Resources */,
				004064B81ADD67DF00EF13BF /* meteor_fast.png in Resources */,
				004064AD1ADD533800EF13BF /* background.png in Resources */,
				00D976881AE158F20086FEB1 /* tweet_btn.png in Resources */,
				005B52451AD6C7E700E2F1C7 /* Images.xcassets in Resources */,
				006165ED1ADA0C62009A10E3 /* TitleScene.sks in Resources */,
				005B52431AD6C7E700E2F1C7 /* Main.storyboard in Resources */,
				00D976801AE13E800086FEB1 /* fish.png in Resources */,
				004064B91ADD67DF00EF13BF /* meteor_normal.png in Resources */,
			);
			runOnlyForDeploymentPostprocessing = 0;
		};
		005B524B1AD6C7E700E2F1C7 /* Resources */ = {
			isa = PBXResourcesBuildPhase;
			buildActionMask = 2147483647;
			files = (
			);
			runOnlyForDeploymentPostprocessing = 0;
		};
/* End PBXResourcesBuildPhase section */

/* Begin PBXSourcesBuildPhase section */
		005B52321AD6C7E600E2F1C7 /* Sources */ = {
			isa = PBXSourcesBuildPhase;
			buildActionMask = 2147483647;
			files = (
				00D9768F1AE15A280086FEB1 /* FBBtn.swift in Sources */,
				00D9768D1AE15A1D0086FEB1 /* TweetBtn.swift in Sources */,
				006165F51ADA0DA1009A10E3 /* ResultScene.swift in Sources */,
				005B52401AD6C7E700E2F1C7 /* GameViewController.swift in Sources */,
				00D976821AE13F650086FEB1 /* PointNode.swift in Sources */,
				006165F11ADA0CF7009A10E3 /* OctopusNode.swift in Sources */,
				005B523C1AD6C7E600E2F1C7 /* AppDelegate.swift in Sources */,
				006165EF1ADA0CCE009A10E3 /* GameScene.swift in Sources */,
				006165EB1ADA07A6009A10E3 /* TitleScene.swift in Sources */,
				006165F31ADA0D25009A10E3 /* MeteorNode.swift in Sources */,
			);
			runOnlyForDeploymentPostprocessing = 0;
		};
		005B52491AD6C7E700E2F1C7 /* Sources */ = {
			isa = PBXSourcesBuildPhase;
			buildActionMask = 2147483647;
			files = (
				005B52541AD6C7E700E2F1C7 /* GalaxyOctopusTests.swift in Sources */,
			);
			runOnlyForDeploymentPostprocessing = 0;
		};
/* End PBXSourcesBuildPhase section */

/* Begin PBXTargetDependency section */
		005B524F1AD6C7E700E2F1C7 /* PBXTargetDependency */ = {
			isa = PBXTargetDependency;
			target = 005B52351AD6C7E600E2F1C7 /* GalaxyOctopus */;
			targetProxy = 005B524E1AD6C7E700E2F1C7 /* PBXContainerItemProxy */;
		};
/* End PBXTargetDependency section */

/* Begin PBXVariantGroup section */
		005B52411AD6C7E700E2F1C7 /* Main.storyboard */ = {
			isa = PBXVariantGroup;
			children = (
				005B52421AD6C7E700E2F1C7 /* Base */,
			);
			name = Main.storyboard;
			sourceTree = "<group>";
		};
		005B52461AD6C7E700E2F1C7 /* LaunchScreen.xib */ = {
			isa = PBXVariantGroup;
			children = (
				005B52471AD6C7E700E2F1C7 /* Base */,
			);
			name = LaunchScreen.xib;
			sourceTree = "<group>";
		};
/* End PBXVariantGroup section */

/* Begin XCBuildConfiguration section */
		005B52551AD6C7E700E2F1C7 /* Debug */ = {
			isa = XCBuildConfiguration;
			buildSettings = {
				ALWAYS_SEARCH_USER_PATHS = NO;
				CLANG_CXX_LANGUAGE_STANDARD = "gnu++0x";
				CLANG_CXX_LIBRARY = "libc++";
				CLANG_ENABLE_MODULES = YES;
				CLANG_ENABLE_OBJC_ARC = YES;
				CLANG_WARN_BOOL_CONVERSION = YES;
				CLANG_WARN_CONSTANT_CONVERSION = YES;
				CLANG_WARN_DIRECT_OBJC_ISA_USAGE = YES_ERROR;
				CLANG_WARN_EMPTY_BODY = YES;
				CLANG_WARN_ENUM_CONVERSION = YES;
				CLANG_WARN_INT_CONVERSION = YES;
				CLANG_WARN_OBJC_ROOT_CLASS = YES_ERROR;
				CLANG_WARN_UNREACHABLE_CODE = YES;
				CLANG_WARN__DUPLICATE_METHOD_MATCH = YES;
				"CODE_SIGN_IDENTITY[sdk=iphoneos*]" = "iPhone Developer";
				COPY_PHASE_STRIP = NO;
				ENABLE_STRICT_OBJC_MSGSEND = YES;
				GCC_C_LANGUAGE_STANDARD = gnu99;
				GCC_DYNAMIC_NO_PIC = NO;
				GCC_OPTIMIZATION_LEVEL = 0;
				GCC_PREPROCESSOR_DEFINITIONS = (
					"DEBUG=1",
					"$(inherited)",
				);
				GCC_SYMBOLS_PRIVATE_EXTERN = NO;
				GCC_WARN_64_TO_32_BIT_CONVERSION = YES;
				GCC_WARN_ABOUT_RETURN_TYPE = YES_ERROR;
				GCC_WARN_UNDECLARED_SELECTOR = YES;
				GCC_WARN_UNINITIALIZED_AUTOS = YES_AGGRESSIVE;
				GCC_WARN_UNUSED_FUNCTION = YES;
				GCC_WARN_UNUSED_VARIABLE = YES;
				IPHONEOS_DEPLOYMENT_TARGET = 8.3;
				MTL_ENABLE_DEBUG_INFO = YES;
				ONLY_ACTIVE_ARCH = YES;
				SDKROOT = iphoneos;
				SWIFT_OPTIMIZATION_LEVEL = "-Onone";
			};
			name = Debug;
		};
		005B52561AD6C7E700E2F1C7 /* Release */ = {
			isa = XCBuildConfiguration;
			buildSettings = {
				ALWAYS_SEARCH_USER_PATHS = NO;
				CLANG_CXX_LANGUAGE_STANDARD = "gnu++0x";
				CLANG_CXX_LIBRARY = "libc++";
				CLANG_ENABLE_MODULES = YES;
				CLANG_ENABLE_OBJC_ARC = YES;
				CLANG_WARN_BOOL_CONVERSION = YES;
				CLANG_WARN_CONSTANT_CONVERSION = YES;
				CLANG_WARN_DIRECT_OBJC_ISA_USAGE = YES_ERROR;
				CLANG_WARN_EMPTY_BODY = YES;
				CLANG_WARN_ENUM_CONVERSION = YES;
				CLANG_WARN_INT_CONVERSION = YES;
				CLANG_WARN_OBJC_ROOT_CLASS = YES_ERROR;
				CLANG_WARN_UNREACHABLE_CODE = YES;
				CLANG_WARN__DUPLICATE_METHOD_MATCH = YES;
				"CODE_SIGN_IDENTITY[sdk=iphoneos*]" = "iPhone Developer";
				COPY_PHASE_STRIP = NO;
				ENABLE_NS_ASSERTIONS = NO;
				ENABLE_STRICT_OBJC_MSGSEND = YES;
				GCC_C_LANGUAGE_STANDARD = gnu99;
				GCC_WARN_64_TO_32_BIT_CONVERSION = YES;
				GCC_WARN_ABOUT_RETURN_TYPE = YES_ERROR;
				GCC_WARN_UNDECLARED_SELECTOR = YES;
				GCC_WARN_UNINITIALIZED_AUTOS = YES_AGGRESSIVE;
				GCC_WARN_UNUSED_FUNCTION = YES;
				GCC_WARN_UNUSED_VARIABLE = YES;
				IPHONEOS_DEPLOYMENT_TARGET = 8.3;
				MTL_ENABLE_DEBUG_INFO = NO;
				SDKROOT = iphoneos;
				VALIDATE_PRODUCT = YES;
			};
			name = Release;
		};
		005B52581AD6C7E700E2F1C7 /* Debug */ = {
			isa = XCBuildConfiguration;
			buildSettings = {
				ASSETCATALOG_COMPILER_APPICON_NAME = AppIcon;
				CODE_SIGN_IDENTITY = "iPhone Developer";
				INFOPLIST_FILE = GalaxyOctopus/Info.plist;
				IPHONEOS_DEPLOYMENT_TARGET = 8.2;
				LD_RUNPATH_SEARCH_PATHS = "$(inherited) @executable_path/Frameworks";
				PRODUCT_NAME = "$(TARGET_NAME)";
			};
			name = Debug;
		};
		005B52591AD6C7E700E2F1C7 /* Release */ = {
			isa = XCBuildConfiguration;
			buildSettings = {
				ASSETCATALOG_COMPILER_APPICON_NAME = AppIcon;
				CODE_SIGN_IDENTITY = "iPhone Developer";
				INFOPLIST_FILE = GalaxyOctopus/Info.plist;
				IPHONEOS_DEPLOYMENT_TARGET = 8.2;
				LD_RUNPATH_SEARCH_PATHS = "$(inherited) @executable_path/Frameworks";
				PRODUCT_NAME = "$(TARGET_NAME)";
			};
			name = Release;
		};
		005B525B1AD6C7E700E2F1C7 /* Debug */ = {
			isa = XCBuildConfiguration;
			buildSettings = {
				BUNDLE_LOADER = "$(TEST_HOST)";
				FRAMEWORK_SEARCH_PATHS = (
					"$(SDKROOT)/Developer/Library/Frameworks",
					"$(inherited)",
				);
				GCC_PREPROCESSOR_DEFINITIONS = (
					"DEBUG=1",
					"$(inherited)",
				);
				INFOPLIST_FILE = GalaxyOctopusTests/Info.plist;
				LD_RUNPATH_SEARCH_PATHS = "$(inherited) @executable_path/Frameworks @loader_path/Frameworks";
				PRODUCT_NAME = "$(TARGET_NAME)";
				TEST_HOST = "$(BUILT_PRODUCTS_DIR)/GalaxyOctopus.app/GalaxyOctopus";
			};
			name = Debug;
		};
		005B525C1AD6C7E700E2F1C7 /* Release */ = {
			isa = XCBuildConfiguration;
			buildSettings = {
				BUNDLE_LOADER = "$(TEST_HOST)";
				FRAMEWORK_SEARCH_PATHS = (
					"$(SDKROOT)/Developer/Library/Frameworks",
					"$(inherited)",
				);
				INFOPLIST_FILE = GalaxyOctopusTests/Info.plist;
				LD_RUNPATH_SEARCH_PATHS = "$(inherited) @executable_path/Frameworks @loader_path/Frameworks";
				PRODUCT_NAME = "$(TARGET_NAME)";
				TEST_HOST = "$(BUILT_PRODUCTS_DIR)/GalaxyOctopus.app/GalaxyOctopus";
			};
			name = Release;
		};
/* End XCBuildConfiguration section */

/* Begin XCConfigurationList section */
		005B52311AD6C7E600E2F1C7 /* Build configuration list for PBXProject "GalaxyOctopus" */ = {
			isa = XCConfigurationList;
			buildConfigurations = (
				005B52551AD6C7E700E2F1C7 /* Debug */,
				005B52561AD6C7E700E2F1C7 /* Release */,
			);
			defaultConfigurationIsVisible = 0;
			defaultConfigurationName = Release;
		};
		005B52571AD6C7E700E2F1C7 /* Build configuration list for PBXNativeTarget "GalaxyOctopus" */ = {
			isa = XCConfigurationList;
			buildConfigurations = (
				005B52581AD6C7E700E2F1C7 /* Debug */,
				005B52591AD6C7E700E2F1C7 /* Release */,
			);
			defaultConfigurationIsVisible = 0;
			defaultConfigurationName = Release;
		};
		005B525A1AD6C7E700E2F1C7 /* Build configuration list for PBXNativeTarget "GalaxyOctopusTests" */ = {
			isa = XCConfigurationList;
			buildConfigurations = (
				005B525B1AD6C7E700E2F1C7 /* Debug */,
				005B525C1AD6C7E700E2F1C7 /* Release */,
			);
			defaultConfigurationIsVisible = 0;
			defaultConfigurationName = Release;
		};
/* End XCConfigurationList section */
	};
	rootObject = 005B522E1AD6C7E600E2F1C7 /* Project object */;
}
